// !$*UTF8*$!
{
	archiveVersion = 1;
	classes = {};
	objectVersion = 56;
	objects = {

/* Begin PBXBuildFile section */
		EA36200BF4 /* AppDelegate.swift */ = {isa = PBXBuildFile; fileRef = B51A296F77; };
		9A9339A0D0 /* ViewController.swift */ = {isa = PBXBuildFile; fileRef = 39E17ECEA9; };
		C38446F1E8 /* LuckinSim-Bridging-Header.h */ = {isa = PBXBuildFile; fileRef = 93090E3569; };
		207DA667D1 /* Info.plist */ = {isa = PBXBuildFile; fileRef = 7D2F484065; };
/* End PBXBuildFile section */

/* Begin PBXFileReference section */
		FE6139F488 /* LuckinSim.app */ = {isa = PBXFileReference; explicitFileType = wrapper.application; includeInIndex = 0; path = LuckinSim.app; sourceTree = BUILT_PRODUCTS_DIR; };
		B51A296F77 /* AppDelegate.swift */ = {isa = PBXFileReference; lastKnownFileType = sourcecode.swift; path = AppDelegate.swift; sourceTree = "<group>"; };
		39E17ECEA9 /* ViewController.swift */ = {isa = PBXFileReference; lastKnownFileType = sourcecode.swift; path = ViewController.swift; sourceTree = "<group>"; };
		93090E3569 /* LuckinSim-Bridging-Header.h */ = {isa = PBXFileReference; lastKnownFileType = sourcecode.c.h; path = LuckinSim-Bridging-Header.h; sourceTree = "<group>"; };
		7D2F484065 /* Info.plist */ = {isa = PBXFileReference; lastKnownFileType = text.plist.xml; path = Info.plist; sourceTree = "<group>"; };
/* End PBXFileReference section */

/* Begin PBXFrameworksBuildPhase section */
		6C71011B29 /* Frameworks */ = {
			isa = PBXFrameworksBuildPhase;
			buildActionMask = 2147483647;
			files = ();
			runOnlyForDeploymentPostprocessing = 0;
		};
/* End PBXFrameworksBuildPhase section */

/* Begin PBXGroup section */
		734AB9A093 = {
			isa = PBXGroup;
			children = (
				8409DD9326,
				035306F2F4,
				4E087040D6,
				1E7E103137,
				FE6139F488,
			);
			sourceTree = "<group>";
		};
		8409DD9326 = {
			isa = PBXGroup;
			children = (
				B51A296F77,
				39E17ECEA9,
				93090E3569,
				7D2F484065,
			);
			path = Sources;
			sourceTree = "<group>";
		};
		035306F2F4 = {
			isa = PBXGroup;
			children = ();
			path = Resources;
			sourceTree = "<group>";
		};
		4E087040D6 = {
			isa = PBXGroup;
			children = ();
			path = Assets.xcassets;
			sourceTree = "<group>";
		};
		1E7E103137 = {
			isa = PBXGroup;
			children = ();
			path = Frameworks;
			sourceTree = "<group>";
		};
/* End PBXGroup section */

/* Begin PBXNativeTarget section */
		1692EE774A /* LuckinSim */ = {
			isa = PBXNativeTarget;
			buildPhases = (
				F9D081A993,
				6C71011B29,
				FCFBD635FF,
			);
			buildRules = ();
			dependencies = ();
			name = LuckinSim;
			productRef = FE6139F488;
			productName = LuckinSim;
			productType = "com.apple.product-type.application";
		};
/* End PBXNativeTarget section */

/* Begin PBXProject section */
		A31A98528E /* Project object */ = {
			isa = PBXProject;
			attributes = {
				BuildIndependentTargetsInParallel = 1;
				LastUpgradeCheck = 1500;
				TargetAttributes = {};
			};
			buildConfigurationList = BAEABB2DF6;
			compatibilityVersion = "Xcode 14.0";
			developmentRegion = zh-Hans;
			hasScannedForEncodings = 0;
			knownRegions = (
				en,
				"zh-Hans",
			);
			mainGroup = 734AB9A093;
			productRef = FE6139F488;
			productName = LuckinSim;
			provisioningStyle = Automatic;
			targets = (
				1692EE774A,
			);
		};
/* End PBXProject section */

/* Begin PBXResourcesBuildPhase section */
		FCFBD635FF /* Resources */ = {
			isa = PBXResourcesBuildPhase;
			buildActionMask = 2147483647;
			files = ();
			runOnlyForDeploymentPostprocessing = 0;
		};
/* End PBXResourcesBuildPhase section */

/* Begin PBXSourcesBuildPhase section */
		F9D081A993 /* Sources */ = {
			isa = PBXSourcesBuildPhase;
			buildActionMask = 2147483647;
			files = (
				EA36200BF4,
				9A9339A0D0,
			);
			runOnlyForDeploymentPostprocessing = 0;
		};
/* End PBXSourcesBuildPhase section */

/* Begin XCBuildConfiguration section */
		4D796F98ED /* Debug */ = {
			isa = XCBuildConfiguration;
			buildSettings = {
				ASSETCATALOG_COMPILER_APPICON_NAME = AppIcon;
				CLANG_ENABLE_MODULES = YES;
				CODE_SIGN_STYLE = Automatic;
				CODE_SIGN_IDENTITY = "-";
				CODE_SIGNING_ALLOWED = NO;
				INFOPLIST_FILE = Sources/Info.plist;
				LD_RUNPATH_SEARCH_PATHS = (
					"$(inherited)",
					"@executable_path/Frameworks",
				);
				MARKETING_VERSION = 1.0;
				PRODUCT_BUNDLE_IDENTIFIER = "com.luckin.simulator";
				PRODUCT_NAME = "$(TARGET_NAME)";
				SWIFT_EMIT_LOC_STRINGS = YES;
				SWIFT_VERSION = 5.0;
				WRAPPER_EXTENSION = app;
			};
			name = Debug;
		};
		A2985E1BF1 /* Release */ = {
			isa = XCBuildConfiguration;
			buildSettings = {
				ASSETCATALOG_COMPILER_APPICON_NAME = AppIcon;
				CLANG_ENABLE_MODULES = YES;
				CODE_SIGN_STYLE = Automatic;
				CODE_SIGN_IDENTITY = "-";
				CODE_SIGNING_ALLOWED = NO;
				INFOPLIST_FILE = Sources/Info.plist;
				LD_RUNPATH_SEARCH_PATHS = (
					"$(inherited)",
					"@executable_path/Frameworks",
				);
				MARKETING_VERSION = 1.0;
				PRODUCT_BUNDLE_IDENTIFIER = "com.luckin.simulator";
				PRODUCT_NAME = "$(TARGET_NAME)";
				SWIFT_EMIT_LOC_STRINGS = YES;
				SWIFT_VERSION = 5.0;
				WRAPPER_EXTENSION = app;
			};
			name = Release;
		};
		E40F869ACC /* Debug */ = {
			isa = XCBuildConfiguration;
			buildSettings = {
				ALWAYS_SEARCH_USER_PATHS = NO;
				CLANG_ENABLE_MODULES = YES;
				CODE_SIGN_STYLE = Automatic;
				CODE_SIGN_IDENTITY = "-";
				CODE_SIGNING_ALLOWED = NO;
				COPY_PHASE_STRIP = NO;
				DEBUG_INFORMATION_FORMAT = dwarf;
				ENABLE_DEBUGGER_FOR_PACKAGE = YES;
				INFOPLIST_FILE = Sources/Info.plist;
				IPHONEOS_DEPLOYMENT_TARGET = 15.0;
				LD_RUNPATH_SEARCH_PATHS = (
					"$(inherited)",
					"@executable_path/Frameworks",
				);
				ONLY_ACTIVE_ARCH = YES;
				PRODUCT_BUNDLE_IDENTIFIER = "com.luckin.simulator";
				PRODUCT_NAME = "$(TARGET_NAME)";
				SWIFT_ACTIVE_COMPILATION_CONDITIONS = DEBUG;
				SWIFT_OPTIMIZATION_LEVEL = "-Onone";
				SWIFT_VERSION = 5.0;
				SDKROOT = iphoneos;
				CODE_SIGNING_REQUIRED = NO;
			};
			name = Debug;
		};
		FE12FA63F3 /* Release */ = {
			isa = XCBuildConfiguration;
			buildSettings = {
				ALWAYS_SEARCH_USER_PATHS = NO;
				CLANG_ENABLE_MODULES = YES;
				CODE_SIGN_STYLE = Automatic;
				CODE_SIGN_IDENTITY = "-";
				CODE_SIGNING_ALLOWED = NO;
				COPY_PHASE_STRIP = NO;
				DEBUG_INFORMATION_FORMAT = "dwarf-with-dsym";
				INFOPLIST_FILE = Sources/Info.plist;
				IPHONEOS_DEPLOYMENT_TARGET = 15.0;
				LD_RUNPATH_SEARCH_PATHS = (
					"$(inherited)",
					"@executable_path/Frameworks",
				);
				PRODUCT_BUNDLE_IDENTIFIER = "com.luckin.simulator";
				PRODUCT_NAME = "$(TARGET_NAME)";
				SWIFT_COMPILATION_MODE = wholemodule;
				SWIFT_OPTIMIZATION_LEVEL = "-O";
				SWIFT_VERSION = 5.0;
				SDKROOT = iphoneos;
				CODE_SIGNING_REQUIRED = NO;
			};
			name = Release;
		};
/* End XCBuildConfiguration section */

/* Begin XCConfigurationList section */
		BAEABB2DF6 /* Build configuration list for PBXProject "LuckinSim" */ = {
			isa = XCConfigurationList;
			buildConfigurations = (
				4D796F98ED,
				A2985E1BF1,
			);
			defaultConfigurationIsVisible = 0;
		};
		766DA59687 /* Build configuration list for PBXNativeTarget "LuckinSim" */ = {
			isa = XCConfigurationList;
			buildConfigurations = (
				E40F869ACC,
				FE12FA63F3,
			);
			defaultConfigurationIsVisible = 0;
		};
/* End XCConfigurationList section */
	};
	rootObject = A31A98528E;
}