// !$*UTF8*$!
{
	archiveVersion = 1;
	classes = {};
	objectVersion = 56;
	objects = {

/* Begin PBXBuildFile section */
		005EE081FE /* AppDelegate.swift */ = {isa = PBXBuildFile; fileRef = 0091CD7D5A; };
		00C6059879 /* ViewController.swift */ = {isa = PBXBuildFile; fileRef = 00450EB058; };
		00477B6A0A /* index.html */ = {isa = PBXBuildFile; fileRef = 0051788CF1; settings = {ATTRIBUTES = (Retargetable,);}; };
		00DD22DCBF /* Info.plist */ = {isa = PBXBuildFile; fileRef = 002D66C24C; };
		00CD36876D /* LuckinSim-Bridging-Header.h */ = {isa = PBXBuildFile; fileRef = 00197D944C; };
/* End PBXBuildFile section */

/* Begin PBXFileReference section */
		00611B09A3 /* LuckinSim.app */ = {isa = PBXFileReference; explicitFileType = wrapper.application; includeInIndex = 0; path = LuckinSim.app; sourceTree = BUILT_PRODUCTS_DIR; };
		0091CD7D5A /* AppDelegate.swift */ = {isa = PBXFileReference; lastKnownFileType = sourcecode.swift; path = AppDelegate.swift; sourceTree = "<group>"; };
		00450EB058 /* ViewController.swift */ = {isa = PBXFileReference; lastKnownFileType = sourcecode.swift; path = ViewController.swift; sourceTree = "<group>"; };
		0051788CF1 /* index.html */ = {isa = PBXFileReference; lastKnownFileType = text.html; path = index.html; sourceTree = "<group>"; };
		002D66C24C /* Info.plist */ = {isa = PBXFileReference; lastKnownFileType = text.plist.xml; path = Info.plist; sourceTree = "<group>"; };
		00197D944C /* LuckinSim-Bridging-Header.h */ = {isa = PBXFileReference; lastKnownFileType = sourcecode.c.h; path = LuckinSim-Bridging-Header.h; sourceTree = "<group>"; };
/* End PBXFileReference section */

/* Begin PBXFrameworksBuildPhase section */
		001193F9EA /* Frameworks */ = {
			isa = PBXFrameworksBuildPhase;
			buildActionMask = 2147483647;
			files = ();
			runOnlyForDeploymentPostprocessing = 0;
		};
/* End PBXFrameworksBuildPhase section */

/* Begin PBXGroup section */
		00B2E471BD = {
			isa = PBXGroup;
			children = (
				007CACB82B,
				005606E4F0,
				0033FDDEAF,
				00611B09A3,
			);
			path = LuckinSim;
			sourceTree = "<group>";
		};
		007CACB82B = {
			isa = PBXGroup;
			children = (
				0091CD7D5A,
				00450EB058,
				00197D944C,
			);
			path = Sources;
			sourceTree = "<group>";
		};
		005606E4F0 = {
			isa = PBXGroup;
			children = (
				0051788CF1,
			);
			path = Resources;
			sourceTree = "<group>";
		};
		0033FDDEAF = {
			isa = PBXGroup;
			children = ();
			path = Frameworks;
			sourceTree = "<group>";
		};
/* End PBXGroup section */

/* Begin PBXNativeTarget section */
		001441DF64 /* LuckinSim */ = {
			isa = PBXNativeTarget;
			buildPhases = (
				005FD93E28,
				001193F9EA,
				0019E1144F,
			);
			buildRules = ();
			dependencies = ();
			name = LuckinSim;
			productRef = 00611B09A3;
			productName = LuckinSim;
			productType = "com.apple.product-type.application";
		};
/* End PBXNativeTarget section */

/* Begin PBXProject section */
		0026CABFBE /* Project object */ = {
			isa = PBXProject;
			attributes = {
				BuildIndependentTargetsInParallel = 1;
				LastUpgradeCheck = 1500;
				TargetAttributes = {
					001441DF64 = {
						CreatedOnToolsVersion = 15.0;
					};
				};
			};
			buildConfigurationList = 001BD74CED;
			compatibilityVersion = "Xcode 14.0";
			developmentRegion = zh-Hans;
			hasScannedForEncodings = 0;
			knownRegions = (
				en,
				"zh-Hans",
			);
			mainGroup = 00B2E471BD;
			productRef = 00611B09A3;
			productName = LuckinSim;
			provisioningStyle = Automatic;
			targets = (
				001441DF64,
			);
		};
/* End PBXProject section */

/* Begin PBXResourcesBuildPhase section */
		0019E1144F /* Resources */ = {
			isa = PBXResourcesBuildPhase;
			buildActionMask = 2147483647;
			files = (
				00477B6A0A,
			);
			runOnlyForDeploymentPostprocessing = 0;
		};
/* End PBXResourcesBuildPhase section */

/* Begin PBXSourcesBuildPhase section */
		005FD93E28 /* Sources */ = {
			isa = PBXSourcesBuildPhase;
			buildActionMask = 2147483647;
			files = (
				005EE081FE,
				00C6059879,
			);
			runOnlyForDeploymentPostprocessing = 0;
		};
/* End PBXSourcesBuildPhase section */

/* Begin XCBuildConfiguration section */
		00868D51A9 /* Debug */ = {
			isa = XCBuildConfiguration;
			buildSettings = {
				ASSETCATALOG_COMPILER_APPICON_NAME = AppIcon;
				CLANG_ENABLE_MODULES = YES;
				CODE_SIGN_STYLE = Automatic;
				CODE_SIGN_IDENTITY = "-";
				CODE_SIGNING_ALLOWED = NO;
				INFOPLIST_FILE = Sources/Info.plist;
				LD_RUNPATH_SEARCH_PATHS = (
					"$(inherited)",
					"@executable_path/Frameworks",
				);
				MARKETING_VERSION = 1.0;
				PRODUCT_BUNDLE_IDENTIFIER = "com.luckin.simulator";
				PRODUCT_NAME = "$(TARGET_NAME)";
				SWIFT_EMIT_LOC_STRINGS = YES;
				SWIFT_VERSION = "5.0";
				WRAPPER_EXTENSION = app;
			};
			name = Debug;
		};
		00DE528760 /* Release */ = {
			isa = XCBuildConfiguration;
			buildSettings = {
				ASSETCATALOG_COMPILER_APPICON_NAME = AppIcon;
				CLANG_ENABLE_MODULES = YES;
				CODE_SIGN_STYLE = Automatic;
				CODE_SIGN_IDENTITY = "-";
				CODE_SIGNING_ALLOWED = NO;
				INFOPLIST_FILE = Sources/Info.plist;
				LD_RUNPATH_SEARCH_PATHS = (
					"$(inherited)",
					"@executable_path/Frameworks",
				);
				MARKETING_VERSION = 1.0;
				PRODUCT_BUNDLE_IDENTIFIER = "com.luckin.simulator";
				PRODUCT_NAME = "$(TARGET_NAME)";
				SWIFT_EMIT_LOC_STRINGS = YES;
				SWIFT_VERSION = "5.0";
				WRAPPER_EXTENSION = app;
			};
			name = Release;
		};
		00C5E6492F /* Debug */ = {
			isa = XCBuildConfiguration;
			buildSettings = {
				ALWAYS_SEARCH_USER_PATHS = NO;
				CLANG_ENABLE_MODULES = YES;
				CODE_SIGN_STYLE = Automatic;
				CODE_SIGN_IDENTITY = "-";
				CODE_SIGNING_ALLOWED = NO;
				COPY_PHASE_STRIP = NO;
				DEBUG_INFORMATION_FORMAT = dwarf;
				ENABLE_DEBUGGER_FOR_PACKAGE = YES;
				INFOPLIST_FILE = Sources/Info.plist;
				IPHONEOS_DEPLOYMENT_TARGET = 15.0;
				LD_RUNPATH_SEARCH_PATHS = (
					"$(inherited)",
					"@executable_path/Frameworks",
				);
				ONLY_ACTIVE_ARCH = YES;
				PRODUCT_BUNDLE_IDENTIFIER = "com.luckin.simulator";
				PRODUCT_NAME = "$(TARGET_NAME)";
				SWIFT_ACTIVE_COMPILATION_CONDITIONS = DEBUG;
				SWIFT_OPTIMIZATION_LEVEL = "-Onone";
				SWIFT_VERSION = "5.0";
				SDKROOT = iphoneos;
				CODE_SIGNING_REQUIRED = NO;
			};
			name = Debug;
		};
		0086EE4C8D /* Release */ = {
			isa = XCBuildConfiguration;
			buildSettings = {
				ALWAYS_SEARCH_USER_PATHS = NO;
				CLANG_ENABLE_MODULES = YES;
				CODE_SIGN_STYLE = Automatic;
				CODE_SIGN_IDENTITY = "-";
				CODE_SIGNING_ALLOWED = NO;
				COPY_PHASE_STRIP = NO;
				DEBUG_INFORMATION_FORMAT = "dwarf-with-dsym";
				INFOPLIST_FILE = Sources/Info.plist;
				IPHONEOS_DEPLOYMENT_TARGET = 15.0;
				LD_RUNPATH_SEARCH_PATHS = (
					"$(inherited)",
					"@executable_path/Frameworks",
				);
				PRODUCT_BUNDLE_IDENTIFIER = "com.luckin.simulator";
				PRODUCT_NAME = "$(TARGET_NAME)";
				SWIFT_COMPILATION_MODE = wholemodule;
				SWIFT_OPTIMIZATION_LEVEL = "-O";
				SWIFT_VERSION = "5.0";
				SDKROOT = iphoneos;
				CODE_SIGNING_REQUIRED = NO;
			};
			name = Release;
		};
/* End XCBuildConfiguration section */

/* Begin XCConfigurationList section */
		001BD74CED /* Build configuration list for PBXProject "LuckinSim" */ = {
			isa = XCConfigurationList;
			buildConfigurations = (
				00868D51A9,
				00DE528760,
			);
			defaultConfigurationIsVisible = 0;
		};
		00825D694D /* Build configuration list for PBXNativeTarget "LuckinSim" */ = {
			isa = XCConfigurationList;
			buildConfigurations = (
				00C5E6492F,
				0086EE4C8D,
			);
			defaultConfigurationIsVisible = 0;
		};
/* End XCConfigurationList section */
	};
	rootObject = 0026CABFBE;
}