// !$*UTF8*$!
{
	archiveVersion = 1;
	classes = {};
	objectVersion = 56;
	objects = {

/* Begin PBXBuildFile section */
		E69AB4CB20 /* AppDelegate.swift */ = {isa = PBXBuildFile; fileRef = F7D3332FCC; };
		1C296D180D /* ViewController.swift */ = {isa = PBXBuildFile; fileRef = 1AE5682C76; };
		2DBDE2971D /* index.html */ = {isa = PBXBuildFile; fileRef = 2A8DAC4E07; settings = {ATTRIBUTES = (Retargetable,);}; };
		2B23D7CBDF /* Info.plist */ = {isa = PBXBuildFile; fileRef = 2507214FE4; };
		E958D6D46E /* LuckinSim-Bridging-Header.h */ = {isa = PBXBuildFile; fileRef = 420C1E808F; };
/* End PBXBuildFile section */

/* Begin PBXFileReference section */
		C2F5CCE940 /* LuckinSim.app */ = {isa = PBXFileReference; explicitFileType = wrapper.application; includeInIndex = 0; path = LuckinSim.app; sourceTree = BUILT_PRODUCTS_DIR; };
		F7D3332FCC /* AppDelegate.swift */ = {isa = PBXFileReference; lastKnownFileType = sourcecode.swift; path = AppDelegate.swift; sourceTree = "<group>"; };
		1AE5682C76 /* ViewController.swift */ = {isa = PBXFileReference; lastKnownFileType = sourcecode.swift; path = ViewController.swift; sourceTree = "<group>"; };
		2A8DAC4E07 /* index.html */ = {isa = PBXFileReference; lastKnownFileType = text.html; path = index.html; sourceTree = "<group>"; };
		2507214FE4 /* Info.plist */ = {isa = PBXFileReference; lastKnownFileType = text.plist.xml; path = Info.plist; sourceTree = "<group>"; };
		420C1E808F /* LuckinSim-Bridging-Header.h */ = {isa = PBXFileReference; lastKnownFileType = sourcecode.c.h; path = LuckinSim-Bridging-Header.h; sourceTree = "<group>"; };
/* End PBXFileReference section */

/* Begin PBXFrameworksBuildPhase section */
		501FB86C06 /* Frameworks */ = {
			isa = PBXFrameworksBuildPhase;
			buildActionMask = 2147483647;
			files = ();
			runOnlyForDeploymentPostprocessing = 0;
		};
/* End PBXFrameworksBuildPhase section */

/* Begin PBXGroup section */
		798A65AFAC = {
			isa = PBXGroup;
			children = (
				8C5CE6A161,
				B840B7F190,
				53B4D46981,
				5B075F32D7,
				C2F5CCE940,
			);
			sourceTree = "<group>";
		};
		8C5CE6A161 = {
			isa = PBXGroup;
			children = (
				F7D3332FCC,
				1AE5682C76,
				420C1E808F,
				2507214FE4,
			);
			path = Sources;
			sourceTree = "<group>";
		};
		B840B7F190 = {
			isa = PBXGroup;
			children = (
				2A8DAC4E07,
			);
			path = Resources;
			sourceTree = "<group>";
		};
		53B4D46981 = {
			isa = PBXGroup;
			children = ();
			path = Assets.xcassets;
			sourceTree = "<group>";
		};
		5B075F32D7 = {
			isa = PBXGroup;
			children = ();
			path = Frameworks;
			sourceTree = "<group>";
		};
/* End PBXGroup section */

/* Begin PBXNativeTarget section */
		2B84B22014 /* LuckinSim */ = {
			isa = PBXNativeTarget;
			buildPhases = (
				EC81D9FA17,
				501FB86C06,
				2CF01A4E0C,
			);
			buildRules = ();
			dependencies = ();
			name = LuckinSim;
			productRef = C2F5CCE940;
			productName = LuckinSim;
			productType = "com.apple.product-type.application";
		};
/* End PBXNativeTarget section */

/* Begin PBXProject section */
		4779CF5043 /* Project object */ = {
			isa = PBXProject;
			attributes = {
				BuildIndependentTargetsInParallel = 1;
				LastUpgradeCheck = 1500;
				TargetAttributes = {};
			};
			buildConfigurationList = AC97537C77;
			compatibilityVersion = "Xcode 14.0";
			developmentRegion = zh-Hans;
			hasScannedForEncodings = 0;
			knownRegions = (
				en,
				"zh-Hans",
			);
			mainGroup = 798A65AFAC;
			productRef = C2F5CCE940;
			productName = LuckinSim;
			provisioningStyle = Automatic;
			targets = (
				2B84B22014,
			);
		};
/* End PBXProject section */

/* Begin PBXResourcesBuildPhase section */
		2CF01A4E0C /* Resources */ = {
			isa = PBXResourcesBuildPhase;
			buildActionMask = 2147483647;
			files = (
				2DBDE2971D,
			);
			runOnlyForDeploymentPostprocessing = 0;
		};
/* End PBXResourcesBuildPhase section */

/* Begin PBXSourcesBuildPhase section */
		EC81D9FA17 /* Sources */ = {
			isa = PBXSourcesBuildPhase;
			buildActionMask = 2147483647;
			files = (
				E69AB4CB20,
				1C296D180D,
			);
			runOnlyForDeploymentPostprocessing = 0;
		};
/* End PBXSourcesBuildPhase section */

/* Begin XCBuildConfiguration section */
		80E0EC1432 /* Debug */ = {
			isa = XCBuildConfiguration;
			buildSettings = {
				ASSETCATALOG_COMPILER_APPICON_NAME = AppIcon;
				CLANG_ENABLE_MODULES = YES;
				CODE_SIGN_STYLE = Automatic;
				CODE_SIGN_IDENTITY = "-";
				CODE_SIGNING_ALLOWED = NO;
				INFOPLIST_FILE = Sources/Info.plist;
				LD_RUNPATH_SEARCH_PATHS = (
					"$(inherited)",
					"@executable_path/Frameworks",
				);
				MARKETING_VERSION = 1.0;
				PRODUCT_BUNDLE_IDENTIFIER = "com.luckin.simulator";
				PRODUCT_NAME = "$(TARGET_NAME)";
				SWIFT_EMIT_LOC_STRINGS = YES;
				SWIFT_VERSION = 5.0;
				WRAPPER_EXTENSION = app;
			};
			name = Debug;
		};
		D2F7F9ED3A /* Release */ = {
			isa = XCBuildConfiguration;
			buildSettings = {
				ASSETCATALOG_COMPILER_APPICON_NAME = AppIcon;
				CLANG_ENABLE_MODULES = YES;
				CODE_SIGN_STYLE = Automatic;
				CODE_SIGN_IDENTITY = "-";
				CODE_SIGNING_ALLOWED = NO;
				INFOPLIST_FILE = Sources/Info.plist;
				LD_RUNPATH_SEARCH_PATHS = (
					"$(inherited)",
					"@executable_path/Frameworks",
				);
				MARKETING_VERSION = 1.0;
				PRODUCT_BUNDLE_IDENTIFIER = "com.luckin.simulator";
				PRODUCT_NAME = "$(TARGET_NAME)";
				SWIFT_EMIT_LOC_STRINGS = YES;
				SWIFT_VERSION = 5.0;
				WRAPPER_EXTENSION = app;
			};
			name = Release;
		};
		6051AB1CAD /* Debug */ = {
			isa = XCBuildConfiguration;
			buildSettings = {
				ALWAYS_SEARCH_USER_PATHS = NO;
				CLANG_ENABLE_MODULES = YES;
				CODE_SIGN_STYLE = Automatic;
				CODE_SIGN_IDENTITY = "-";
				CODE_SIGNING_ALLOWED = NO;
				COPY_PHASE_STRIP = NO;
				DEBUG_INFORMATION_FORMAT = dwarf;
				ENABLE_DEBUGGER_FOR_PACKAGE = YES;
				INFOPLIST_FILE = Sources/Info.plist;
				IPHONEOS_DEPLOYMENT_TARGET = 15.0;
				LD_RUNPATH_SEARCH_PATHS = (
					"$(inherited)",
					"@executable_path/Frameworks",
				);
				ONLY_ACTIVE_ARCH = YES;
				PRODUCT_BUNDLE_IDENTIFIER = "com.luckin.simulator";
				PRODUCT_NAME = "$(TARGET_NAME)";
				SWIFT_ACTIVE_COMPILATION_CONDITIONS = DEBUG;
				SWIFT_OPTIMIZATION_LEVEL = "-Onone";
				SWIFT_VERSION = 5.0;
				SDKROOT = iphoneos;
				CODE_SIGNING_REQUIRED = NO;
			};
			name = Debug;
		};
		76B9172925 /* Release */ = {
			isa = XCBuildConfiguration;
			buildSettings = {
				ALWAYS_SEARCH_USER_PATHS = NO;
				CLANG_ENABLE_MODULES = YES;
				CODE_SIGN_STYLE = Automatic;
				CODE_SIGN_IDENTITY = "-";
				CODE_SIGNING_ALLOWED = NO;
				COPY_PHASE_STRIP = NO;
				DEBUG_INFORMATION_FORMAT = "dwarf-with-dsym";
				INFOPLIST_FILE = Sources/Info.plist;
				IPHONEOS_DEPLOYMENT_TARGET = 15.0;
				LD_RUNPATH_SEARCH_PATHS = (
					"$(inherited)",
					"@executable_path/Frameworks",
				);
				PRODUCT_BUNDLE_IDENTIFIER = "com.luckin.simulator";
				PRODUCT_NAME = "$(TARGET_NAME)";
				SWIFT_COMPILATION_MODE = wholemodule;
				SWIFT_OPTIMIZATION_LEVEL = "-O";
				SWIFT_VERSION = 5.0;
				SDKROOT = iphoneos;
				CODE_SIGNING_REQUIRED = NO;
			};
			name = Release;
		};
/* End XCBuildConfiguration section */

/* Begin XCConfigurationList section */
		AC97537C77 /* Build configuration list for PBXProject "LuckinSim" */ = {
			isa = XCConfigurationList;
			buildConfigurations = (
				80E0EC1432,
				D2F7F9ED3A,
			);
			defaultConfigurationIsVisible = 0;
		};
		454AA4B595 /* Build configuration list for PBXNativeTarget "LuckinSim" */ = {
			isa = XCConfigurationList;
			buildConfigurations = (
				6051AB1CAD,
				76B9172925,
			);
			defaultConfigurationIsVisible = 0;
		};
/* End XCConfigurationList section */
	};
	rootObject = 4779CF5043;
}